
Microsoft Visual Studio Solution File, Format Version 12.00
# Visual Studio Version 16
VisualStudioVersion = 16.0.31402.337
MinimumVisualStudioVersion = 10.0.40219.1
Project("{FAE04EC0-301F-11D3-BF4B-00C04F79EFBC}") = "Composition", "Composition\Composition.csproj", "{77860A65-1F0D-450C-8FF3-A787C6A6B980}"
EndProject
Global
	GlobalSection(SolutionConfigurationPlatforms) = preSolution
		Debug|Any CPU = Debug|Any CPU
		Release|Any CPU = Release|Any CPU
	EndGlobalSection
	GlobalSection(ProjectConfigurationPlatforms) = postSolution
		{77860A65-1F0D-450C-8FF3-A787C6A6B980}.Debug|Any CPU.ActiveCfg = Debug|Any CPU
		{77860A65-1F0D-450C-8FF3-A787C6A6B980}.Debug|Any CPU.Build.0 = Debug|Any CPU
		{77860A65-1F0D-450C-8FF3-A787C6A6B980}.Release|Any CPU.ActiveCfg = Release|Any CPU
		{77860A65-1F0D-450C-8FF3-A787C6A6B980}.Release|Any CPU.Build.0 = Release|Any CPU
	EndGlobalSection
	GlobalSection(SolutionProperties) = preSolution
		HideSolutionNode = FALSE
	EndGlobalSection
	GlobalSection(ExtensibilityGlobals) = postSolution
		SolutionGuid = {687EA97C-E4DB-4D82-8133-A27F89C7224B}
	EndGlobalSection
EndGlobal
